
Microsoft Visual Studio Solution File, Format Version 12.00
# Visual Studio Version 17
VisualStudioVersion = 17.6.33829.357
MinimumVisualStudioVersion = 10.0.40219.1
Project("{FAE04EC0-301F-11D3-BF4B-00C04F79EFBC}") = "ExcercisePetle", "ExcercisePetle\ExcercisePetle.csproj", "{1E80E7B9-A792-4ABE-A90D-9087D88B32D5}"
EndProject
Global
	GlobalSection(SolutionConfigurationPlatforms) = preSolution
		Debug|Any CPU = Debug|Any CPU
		Release|Any CPU = Release|Any CPU
	EndGlobalSection
	GlobalSection(ProjectConfigurationPlatforms) = postSolution
		{1E80E7B9-A792-4ABE-A90D-9087D88B32D5}.Debug|Any CPU.ActiveCfg = Debug|Any CPU
		{1E80E7B9-A792-4ABE-A90D-9087D88B32D5}.Debug|Any CPU.Build.0 = Debug|Any CPU
		{1E80E7B9-A792-4ABE-A90D-9087D88B32D5}.Release|Any CPU.ActiveCfg = Release|Any CPU
		{1E80E7B9-A792-4ABE-A90D-9087D88B32D5}.Release|Any CPU.Build.0 = Release|Any CPU
	EndGlobalSection
	GlobalSection(SolutionProperties) = preSolution
		HideSolutionNode = FALSE
	EndGlobalSection
	GlobalSection(ExtensibilityGlobals) = postSolution
		SolutionGuid = {9AA73F62-E404-46B3-B3EF-3BDCD6043627}
	EndGlobalSection
EndGlobal
